
Microsoft Visual Studio Solution File, Format Version 12.00
# Visual Studio Version 17
VisualStudioVersion = 17.11.35312.102
MinimumVisualStudioVersion = 10.0.40219.1
Project("{FAE04EC0-301F-11D3-BF4B-00C04F79EFBC}") = "SistemaGestionPedidos", "SistemaGestionPedidos\SistemaGestionPedidos.csproj", "{50739B54-9B88-4ADE-AC0F-DCE672557ED0}"
EndProject
Global
	GlobalSection(SolutionConfigurationPlatforms) = preSolution
		Debug|Any CPU = Debug|Any CPU
		Release|Any CPU = Release|Any CPU
	EndGlobalSection
	GlobalSection(ProjectConfigurationPlatforms) = postSolution
		{50739B54-9B88-4ADE-AC0F-DCE672557ED0}.Debug|Any CPU.ActiveCfg = Debug|Any CPU
		{50739B54-9B88-4ADE-AC0F-DCE672557ED0}.Debug|Any CPU.Build.0 = Debug|Any CPU
		{50739B54-9B88-4ADE-AC0F-DCE672557ED0}.Release|Any CPU.ActiveCfg = Release|Any CPU
		{50739B54-9B88-4ADE-AC0F-DCE672557ED0}.Release|Any CPU.Build.0 = Release|Any CPU
	EndGlobalSection
	GlobalSection(SolutionProperties) = preSolution
		HideSolutionNode = FALSE
	EndGlobalSection
	GlobalSection(ExtensibilityGlobals) = postSolution
		SolutionGuid = {8029CF0C-7F82-4E62-A129-E152471BA868}
	EndGlobalSection
EndGlobal
